{
  "originHash" : "483528c6a6354b1bec425c29216aa1d11168804435e3421e3a7202c52c0bb0ad",
  "pins" : [
    {
      "identity" : "swift-collections",
      "kind" : "remoteSourceControl",
      "location" : "https://github.com/apple/swift-collections.git",
      "state" : {
        "revision" : "671108c96644956dddcd89dd59c203dcdb36cec7",
        "version" : "1.1.4"
      }
    },
    {
      "identity" : "swift-log",
      "kind" : "remoteSourceControl",
      "location" : "https://github.com/apple/swift-log.git",
      "state" : {
        "revision" : "9cb486020ebf03bfa5b5df985387a14a98744537",
        "version" : "1.6.1"
      }
    },
    {
      "identity" : "swiftscad",
      "kind" : "remoteSourceControl",
      "location" : "https://github.com/tomasf/SwiftSCAD.git",
      "state" : {
        "revision" : "15edb9a6a6fb6a8fe4d66047c096acd4a9bd696e",
        "version" : "0.9.0"
      }
    }
  ],
  "version" : 3
}
